
Microsoft Visual Studio Solution File, Format Version 11.00
# Visual Studio 2010
Project("{FAE04EC0-301F-11D3-BF4B-00C04F79EFBC}") = "DotMaster.Core", "DotMaster.Core\DotMaster.Core.csproj", "{0F5C42CB-8D27-4B0C-9E65-59C1EBEAEB93}"
EndProject
Project("{FAE04EC0-301F-11D3-BF4B-00C04F79EFBC}") = "DotMaster.NHibernate", "DotMaster.NHibernate\DotMaster.NHibernate.csproj", "{17453B96-A228-41AB-AE99-B7E6339BFC3F}"
EndProject
Project("{FAE04EC0-301F-11D3-BF4B-00C04F79EFBC}") = "DotMaster.Tests", "DotMaster.Tests\DotMaster.Tests.csproj", "{CF88A56F-1527-48CD-B754-7C3486A18947}"
EndProject
Project("{FAE04EC0-301F-11D3-BF4B-00C04F79EFBC}") = "DotMaster.Example", "DotMaster.Example\DotMaster.Example.csproj", "{85E713AE-3FB0-460F-9114-02BC72FFD16B}"
EndProject
Global
	GlobalSection(SolutionConfigurationPlatforms) = preSolution
		Debug|Any CPU = Debug|Any CPU
		Release|Any CPU = Release|Any CPU
	EndGlobalSection
	GlobalSection(ProjectConfigurationPlatforms) = postSolution
		{0F5C42CB-8D27-4B0C-9E65-59C1EBEAEB93}.Debug|Any CPU.ActiveCfg = Debug|Any CPU
		{0F5C42CB-8D27-4B0C-9E65-59C1EBEAEB93}.Debug|Any CPU.Build.0 = Debug|Any CPU
		{0F5C42CB-8D27-4B0C-9E65-59C1EBEAEB93}.Release|Any CPU.ActiveCfg = Release|Any CPU
		{0F5C42CB-8D27-4B0C-9E65-59C1EBEAEB93}.Release|Any CPU.Build.0 = Release|Any CPU
		{17453B96-A228-41AB-AE99-B7E6339BFC3F}.Debug|Any CPU.ActiveCfg = Debug|Any CPU
		{17453B96-A228-41AB-AE99-B7E6339BFC3F}.Debug|Any CPU.Build.0 = Debug|Any CPU
		{17453B96-A228-41AB-AE99-B7E6339BFC3F}.Release|Any CPU.ActiveCfg = Release|Any CPU
		{17453B96-A228-41AB-AE99-B7E6339BFC3F}.Release|Any CPU.Build.0 = Release|Any CPU
		{CF88A56F-1527-48CD-B754-7C3486A18947}.Debug|Any CPU.ActiveCfg = Debug|Any CPU
		{CF88A56F-1527-48CD-B754-7C3486A18947}.Debug|Any CPU.Build.0 = Debug|Any CPU
		{CF88A56F-1527-48CD-B754-7C3486A18947}.Release|Any CPU.ActiveCfg = Release|Any CPU
		{CF88A56F-1527-48CD-B754-7C3486A18947}.Release|Any CPU.Build.0 = Release|Any CPU
		{85E713AE-3FB0-460F-9114-02BC72FFD16B}.Debug|Any CPU.ActiveCfg = Debug|Any CPU
		{85E713AE-3FB0-460F-9114-02BC72FFD16B}.Debug|Any CPU.Build.0 = Debug|Any CPU
		{85E713AE-3FB0-460F-9114-02BC72FFD16B}.Release|Any CPU.ActiveCfg = Release|Any CPU
		{85E713AE-3FB0-460F-9114-02BC72FFD16B}.Release|Any CPU.Build.0 = Release|Any CPU
	EndGlobalSection
	GlobalSection(SolutionProperties) = preSolution
		HideSolutionNode = FALSE
	EndGlobalSection
EndGlobal
